
Microsoft Visual Studio Solution File, Format Version 12.00
# Visual Studio 15
VisualStudioVersion = 15.0.27130.2027
MinimumVisualStudioVersion = 10.0.40219.1
Project("{D4B43EB3-688B-4EEE-86BD-088F0B28ABB3}") = "Windows.Server.Webservice.LogdirectoryWatcher", "Windows.Server.Webservice.LogdirectoryWatcher\Windows.Server.Webservice.LogdirectoryWatcher.mpproj", "{E60EA1FF-D904-4ACC-919E-9E816214DE18}"
EndProject
Global
	GlobalSection(SolutionConfigurationPlatforms) = preSolution
		Debug|x86 = Debug|x86
		Release|x86 = Release|x86
	EndGlobalSection
	GlobalSection(ProjectConfigurationPlatforms) = postSolution
		{E60EA1FF-D904-4ACC-919E-9E816214DE18}.Debug|x86.ActiveCfg = Debug|x86
		{E60EA1FF-D904-4ACC-919E-9E816214DE18}.Debug|x86.Build.0 = Debug|x86
		{E60EA1FF-D904-4ACC-919E-9E816214DE18}.Release|x86.ActiveCfg = Release|x86
		{E60EA1FF-D904-4ACC-919E-9E816214DE18}.Release|x86.Build.0 = Release|x86
	EndGlobalSection
	GlobalSection(SolutionProperties) = preSolution
		HideSolutionNode = FALSE
	EndGlobalSection
	GlobalSection(ExtensibilityGlobals) = postSolution
		SolutionGuid = {772B6BE2-9466-4BCB-8419-748DD3257869}
	EndGlobalSection
EndGlobal
